
Microsoft Visual Studio Solution File, Format Version 12.00
# Visual Studio Version 16
VisualStudioVersion = 16.0.31424.327
MinimumVisualStudioVersion = 10.0.40219.1
Project("{9A19103F-16F7-4668-BE54-9A1E7A4F7556}") = "Musique", "Musique\Musique.csproj", "{4C11170E-6E55-4D00-A3FD-85DC9A11EC5A}"
EndProject
Project("{FAE04EC0-301F-11D3-BF4B-00C04F79EFBC}") = "Musique.Core", "Musique.Core\Musique.Core.csproj", "{581C0C82-0251-46E4-83CA-0E2424600589}"
EndProject
Project("{FAE04EC0-301F-11D3-BF4B-00C04F79EFBC}") = "Musique.Data", "Musique.Data\Musique.Data.csproj", "{F33C5D79-B852-4125-A3D6-CAD0CD2DEFEF}"
EndProject
Global
	GlobalSection(SolutionConfigurationPlatforms) = preSolution
		Debug|Any CPU = Debug|Any CPU
		Release|Any CPU = Release|Any CPU
	EndGlobalSection
	GlobalSection(ProjectConfigurationPlatforms) = postSolution
		{4C11170E-6E55-4D00-A3FD-85DC9A11EC5A}.Debug|Any CPU.ActiveCfg = Debug|Any CPU
		{4C11170E-6E55-4D00-A3FD-85DC9A11EC5A}.Debug|Any CPU.Build.0 = Debug|Any CPU
		{4C11170E-6E55-4D00-A3FD-85DC9A11EC5A}.Release|Any CPU.ActiveCfg = Release|Any CPU
		{4C11170E-6E55-4D00-A3FD-85DC9A11EC5A}.Release|Any CPU.Build.0 = Release|Any CPU
		{581C0C82-0251-46E4-83CA-0E2424600589}.Debug|Any CPU.ActiveCfg = Debug|Any CPU
		{581C0C82-0251-46E4-83CA-0E2424600589}.Debug|Any CPU.Build.0 = Debug|Any CPU
		{581C0C82-0251-46E4-83CA-0E2424600589}.Release|Any CPU.ActiveCfg = Release|Any CPU
		{581C0C82-0251-46E4-83CA-0E2424600589}.Release|Any CPU.Build.0 = Release|Any CPU
		{F33C5D79-B852-4125-A3D6-CAD0CD2DEFEF}.Debug|Any CPU.ActiveCfg = Debug|Any CPU
		{F33C5D79-B852-4125-A3D6-CAD0CD2DEFEF}.Debug|Any CPU.Build.0 = Debug|Any CPU
		{F33C5D79-B852-4125-A3D6-CAD0CD2DEFEF}.Release|Any CPU.ActiveCfg = Release|Any CPU
		{F33C5D79-B852-4125-A3D6-CAD0CD2DEFEF}.Release|Any CPU.Build.0 = Release|Any CPU
	EndGlobalSection
	GlobalSection(SolutionProperties) = preSolution
		HideSolutionNode = FALSE
	EndGlobalSection
	GlobalSection(ExtensibilityGlobals) = postSolution
		SolutionGuid = {F95AF95B-1C6C-46B0-BFBD-DA97CCD1B1F7}
	EndGlobalSection
EndGlobal
